// !$*UTF8*$!
{
	archiveVersion = 1;
	classes = {
	};
	objectVersion = 56;
	objects = {

/* Begin PBXBuildFile section */
		3BCFFA0D2909DE80000D87FC /* FavoriteViewController.swift in Sources */ = {isa = PBXBuildFile; fileRef = 3BCFFA0C2909DE80000D87FC /* FavoriteViewController.swift */; };
		3BD99F9F2908A25F0019F278 /* AppDelegate.swift in Sources */ = {isa = PBXBuildFile; fileRef = 3BD99F9E2908A25F0019F278 /* AppDelegate.swift */; };
		3BD99FA32908A25F0019F278 /* HomeViewController.swift in Sources */ = {isa = PBXBuildFile; fileRef = 3BD99FA22908A25F0019F278 /* HomeViewController.swift */; };
		3BD99FA82908A2610019F278 /* Assets.xcassets in Resources */ = {isa = PBXBuildFile; fileRef = 3BD99FA72908A2610019F278 /* Assets.xcassets */; };
		3BD99FAB2908A2610019F278 /* LaunchScreen.storyboard in Resources */ = {isa = PBXBuildFile; fileRef = 3BD99FA92908A2610019F278 /* LaunchScreen.storyboard */; };
		3BD99FB62908A2610019F278 /* SpoonacularAPITests.swift in Sources */ = {isa = PBXBuildFile; fileRef = 3BD99FB52908A2610019F278 /* SpoonacularAPITests.swift */; };
		3BD99FC02908A2610019F278 /* SpoonacularAPIUITests.swift in Sources */ = {isa = PBXBuildFile; fileRef = 3BD99FBF2908A2610019F278 /* SpoonacularAPIUITests.swift */; };
		3BD99FC22908A2610019F278 /* SpoonacularAPIUITestsLaunchTests.swift in Sources */ = {isa = PBXBuildFile; fileRef = 3BD99FC12908A2610019F278 /* SpoonacularAPIUITestsLaunchTests.swift */; };
		3BD99FD42908A8550019F278 /* Factories.swift in Sources */ = {isa = PBXBuildFile; fileRef = 3BD99FD32908A8550019F278 /* Factories.swift */; };
		3BD99FD62908B0AC0019F278 /* SearchRecipeViewController.swift in Sources */ = {isa = PBXBuildFile; fileRef = 3BD99FD52908B0AC0019F278 /* SearchRecipeViewController.swift */; };
		3BD99FD82908B6D40019F278 /* RecipeCell.swift in Sources */ = {isa = PBXBuildFile; fileRef = 3BD99FD72908B6D40019F278 /* RecipeCell.swift */; };
		3BD99FDC2908DF1F0019F278 /* ResipeModel.swift in Sources */ = {isa = PBXBuildFile; fileRef = 3BD99FDB2908DF1F0019F278 /* ResipeModel.swift */; };
		3BD99FDF2908E4880019F278 /* NetworkError.swift in Sources */ = {isa = PBXBuildFile; fileRef = 3BD99FDE2908E4880019F278 /* NetworkError.swift */; };
		3BD99FE12908E5380019F278 /* RecipeManager.swift in Sources */ = {isa = PBXBuildFile; fileRef = 3BD99FE02908E5380019F278 /* RecipeManager.swift */; };
		3BD99FE3290923EC0019F278 /* DetailsViewController.swift in Sources */ = {isa = PBXBuildFile; fileRef = 3BD99FE2290923EC0019F278 /* DetailsViewController.swift */; };
/* End PBXBuildFile section */

/* Begin PBXContainerItemProxy section */
		3BD99FB22908A2610019F278 /* PBXContainerItemProxy */ = {
			isa = PBXContainerItemProxy;
			containerPortal = 3BD99F932908A25F0019F278 /* Project object */;
			proxyType = 1;
			remoteGlobalIDString = 3BD99F9A2908A25F0019F278;
			remoteInfo = SpoonacularAPI;
		};
		3BD99FBC2908A2610019F278 /* PBXContainerItemProxy */ = {
			isa = PBXContainerItemProxy;
			containerPortal = 3BD99F932908A25F0019F278 /* Project object */;
			proxyType = 1;
			remoteGlobalIDString = 3BD99F9A2908A25F0019F278;
			remoteInfo = SpoonacularAPI;
		};
/* End PBXContainerItemProxy section */

/* Begin PBXFileReference section */
		3BCFFA0C2909DE80000D87FC /* FavoriteViewController.swift */ = {isa = PBXFileReference; lastKnownFileType = sourcecode.swift; path = FavoriteViewController.swift; sourceTree = "<group>"; };
		3BD99F9B2908A25F0019F278 /* SpoonacularAPI.app */ = {isa = PBXFileReference; explicitFileType = wrapper.application; includeInIndex = 0; path = SpoonacularAPI.app; sourceTree = BUILT_PRODUCTS_DIR; };
		3BD99F9E2908A25F0019F278 /* AppDelegate.swift */ = {isa = PBXFileReference; lastKnownFileType = sourcecode.swift; path = AppDelegate.swift; sourceTree = "<group>"; };
		3BD99FA22908A25F0019F278 /* HomeViewController.swift */ = {isa = PBXFileReference; lastKnownFileType = sourcecode.swift; path = HomeViewController.swift; sourceTree = "<group>"; };
		3BD99FA72908A2610019F278 /* Assets.xcassets */ = {isa = PBXFileReference; lastKnownFileType = folder.assetcatalog; path = Assets.xcassets; sourceTree = "<group>"; };
		3BD99FAA2908A2610019F278 /* Base */ = {isa = PBXFileReference; lastKnownFileType = file.storyboard; name = Base; path = Base.lproj/LaunchScreen.storyboard; sourceTree = "<group>"; };
		3BD99FAC2908A2610019F278 /* Info.plist */ = {isa = PBXFileReference; lastKnownFileType = text.plist.xml; path = Info.plist; sourceTree = "<group>"; };
		3BD99FB12908A2610019F278 /* SpoonacularAPITests.xctest */ = {isa = PBXFileReference; explicitFileType = wrapper.cfbundle; includeInIndex = 0; path = SpoonacularAPITests.xctest; sourceTree = BUILT_PRODUCTS_DIR; };
		3BD99FB52908A2610019F278 /* SpoonacularAPITests.swift */ = {isa = PBXFileReference; lastKnownFileType = sourcecode.swift; path = SpoonacularAPITests.swift; sourceTree = "<group>"; };
		3BD99FBB2908A2610019F278 /* SpoonacularAPIUITests.xctest */ = {isa = PBXFileReference; explicitFileType = wrapper.cfbundle; includeInIndex = 0; path = SpoonacularAPIUITests.xctest; sourceTree = BUILT_PRODUCTS_DIR; };
		3BD99FBF2908A2610019F278 /* SpoonacularAPIUITests.swift */ = {isa = PBXFileReference; lastKnownFileType = sourcecode.swift; path = SpoonacularAPIUITests.swift; sourceTree = "<group>"; };
		3BD99FC12908A2610019F278 /* SpoonacularAPIUITestsLaunchTests.swift */ = {isa = PBXFileReference; lastKnownFileType = sourcecode.swift; path = SpoonacularAPIUITestsLaunchTests.swift; sourceTree = "<group>"; };
		3BD99FD32908A8550019F278 /* Factories.swift */ = {isa = PBXFileReference; lastKnownFileType = sourcecode.swift; path = Factories.swift; sourceTree = "<group>"; };
		3BD99FD52908B0AC0019F278 /* SearchRecipeViewController.swift */ = {isa = PBXFileReference; lastKnownFileType = sourcecode.swift; path = SearchRecipeViewController.swift; sourceTree = "<group>"; };
		3BD99FD72908B6D40019F278 /* RecipeCell.swift */ = {isa = PBXFileReference; lastKnownFileType = sourcecode.swift; path = RecipeCell.swift; sourceTree = "<group>"; };
		3BD99FDB2908DF1F0019F278 /* ResipeModel.swift */ = {isa = PBXFileReference; lastKnownFileType = sourcecode.swift; path = ResipeModel.swift; sourceTree = "<group>"; };
		3BD99FDE2908E4880019F278 /* NetworkError.swift */ = {isa = PBXFileReference; lastKnownFileType = sourcecode.swift; path = NetworkError.swift; sourceTree = "<group>"; };
		3BD99FE02908E5380019F278 /* RecipeManager.swift */ = {isa = PBXFileReference; lastKnownFileType = sourcecode.swift; path = RecipeManager.swift; sourceTree = "<group>"; };
		3BD99FE2290923EC0019F278 /* DetailsViewController.swift */ = {isa = PBXFileReference; lastKnownFileType = sourcecode.swift; path = DetailsViewController.swift; sourceTree = "<group>"; };
/* End PBXFileReference section */

/* Begin PBXFrameworksBuildPhase section */
		3BD99F982908A25F0019F278 /* Frameworks */ = {
			isa = PBXFrameworksBuildPhase;
			buildActionMask = 2147483647;
			files = (
			);
			runOnlyForDeploymentPostprocessing = 0;
		};
		3BD99FAE2908A2610019F278 /* Frameworks */ = {
			isa = PBXFrameworksBuildPhase;
			buildActionMask = 2147483647;
			files = (
			);
			runOnlyForDeploymentPostprocessing = 0;
		};
		3BD99FB82908A2610019F278 /* Frameworks */ = {
			isa = PBXFrameworksBuildPhase;
			buildActionMask = 2147483647;
			files = (
			);
			runOnlyForDeploymentPostprocessing = 0;
		};
/* End PBXFrameworksBuildPhase section */

/* Begin PBXGroup section */
		3BCFFA092909DD96000D87FC /* Home */ = {
			isa = PBXGroup;
			children = (
				3BD99FA22908A25F0019F278 /* HomeViewController.swift */,
			);
			name = Home;
			sourceTree = "<group>";
		};
		3BCFFA0A2909DDE4000D87FC /* Details */ = {
			isa = PBXGroup;
			children = (
				3BD99FE2290923EC0019F278 /* DetailsViewController.swift */,
			);
			name = Details;
			sourceTree = "<group>";
		};
		3BCFFA0B2909DE2E000D87FC /* Favorite */ = {
			isa = PBXGroup;
			children = (
				3BCFFA0C2909DE80000D87FC /* FavoriteViewController.swift */,
			);
			name = Favorite;
			sourceTree = "<group>";
		};
		3BD99F922908A25F0019F278 = {
			isa = PBXGroup;
			children = (
				3BD99F9D2908A25F0019F278 /* SpoonacularAPI */,
				3BD99FB42908A2610019F278 /* SpoonacularAPITests */,
				3BD99FBE2908A2610019F278 /* SpoonacularAPIUITests */,
				3BD99F9C2908A25F0019F278 /* Products */,
			);
			sourceTree = "<group>";
		};
		3BD99F9C2908A25F0019F278 /* Products */ = {
			isa = PBXGroup;
			children = (
				3BD99F9B2908A25F0019F278 /* SpoonacularAPI.app */,
				3BD99FB12908A2610019F278 /* SpoonacularAPITests.xctest */,
				3BD99FBB2908A2610019F278 /* SpoonacularAPIUITests.xctest */,
			);
			name = Products;
			sourceTree = "<group>";
		};
		3BD99F9D2908A25F0019F278 /* SpoonacularAPI */ = {
			isa = PBXGroup;
			children = (
				3BD99FDD2908E46D0019F278 /* Networking */,
				3BD99FD22908A8290019F278 /* Extensiion+files */,
				3BD99FD12908A43F0019F278 /* Models */,
				3BCFFA092909DD96000D87FC /* Home */,
				3BD99FCF2908A42E0019F278 /* Search */,
				3BCFFA0B2909DE2E000D87FC /* Favorite */,
				3BD99FCE2908A2930019F278 /* Resources */,
			);
			path = SpoonacularAPI;
			sourceTree = "<group>";
		};
		3BD99FB42908A2610019F278 /* SpoonacularAPITests */ = {
			isa = PBXGroup;
			children = (
				3BD99FB52908A2610019F278 /* SpoonacularAPITests.swift */,
			);
			path = SpoonacularAPITests;
			sourceTree = "<group>";
		};
		3BD99FBE2908A2610019F278 /* SpoonacularAPIUITests */ = {
			isa = PBXGroup;
			children = (
				3BD99FBF2908A2610019F278 /* SpoonacularAPIUITests.swift */,
				3BD99FC12908A2610019F278 /* SpoonacularAPIUITestsLaunchTests.swift */,
			);
			path = SpoonacularAPIUITests;
			sourceTree = "<group>";
		};
		3BD99FCE2908A2930019F278 /* Resources */ = {
			isa = PBXGroup;
			children = (
				3BD99F9E2908A25F0019F278 /* AppDelegate.swift */,
				3BD99FA92908A2610019F278 /* LaunchScreen.storyboard */,
				3BD99FA72908A2610019F278 /* Assets.xcassets */,
				3BD99FAC2908A2610019F278 /* Info.plist */,
			);
			name = Resources;
			sourceTree = "<group>";
		};
		3BD99FCF2908A42E0019F278 /* Search */ = {
			isa = PBXGroup;
			children = (
				3BD99FD52908B0AC0019F278 /* SearchRecipeViewController.swift */,
				3BD99FD02908A4380019F278 /* Cells */,
				3BCFFA0A2909DDE4000D87FC /* Details */,
			);
			name = Search;
			sourceTree = "<group>";
		};
		3BD99FD02908A4380019F278 /* Cells */ = {
			isa = PBXGroup;
			children = (
				3BD99FD72908B6D40019F278 /* RecipeCell.swift */,
			);
			name = Cells;
			sourceTree = "<group>";
		};
		3BD99FD12908A43F0019F278 /* Models */ = {
			isa = PBXGroup;
			children = (
				3BD99FDB2908DF1F0019F278 /* ResipeModel.swift */,
			);
			name = Models;
			sourceTree = "<group>";
		};
		3BD99FD22908A8290019F278 /* Extensiion+files */ = {
			isa = PBXGroup;
			children = (
				3BD99FD32908A8550019F278 /* Factories.swift */,
			);
			name = "Extensiion+files";
			sourceTree = "<group>";
		};
		3BD99FDD2908E46D0019F278 /* Networking */ = {
			isa = PBXGroup;
			children = (
				3BD99FDE2908E4880019F278 /* NetworkError.swift */,
				3BD99FE02908E5380019F278 /* RecipeManager.swift */,
			);
			name = Networking;
			sourceTree = "<group>";
		};
/* End PBXGroup section */

/* Begin PBXNativeTarget section */
		3BD99F9A2908A25F0019F278 /* SpoonacularAPI */ = {
			isa = PBXNativeTarget;
			buildConfigurationList = 3BD99FC52908A2610019F278 /* Build configuration list for PBXNativeTarget "SpoonacularAPI" */;
			buildPhases = (
				3BD99F972908A25F0019F278 /* Sources */,
				3BD99F982908A25F0019F278 /* Frameworks */,
				3BD99F992908A25F0019F278 /* Resources */,
			);
			buildRules = (
			);
			dependencies = (
			);
			name = SpoonacularAPI;
			productName = SpoonacularAPI;
			productReference = 3BD99F9B2908A25F0019F278 /* SpoonacularAPI.app */;
			productType = "com.apple.product-type.application";
		};
		3BD99FB02908A2610019F278 /* SpoonacularAPITests */ = {
			isa = PBXNativeTarget;
			buildConfigurationList = 3BD99FC82908A2610019F278 /* Build configuration list for PBXNativeTarget "SpoonacularAPITests" */;
			buildPhases = (
				3BD99FAD2908A2610019F278 /* Sources */,
				3BD99FAE2908A2610019F278 /* Frameworks */,
				3BD99FAF2908A2610019F278 /* Resources */,
			);
			buildRules = (
			);
			dependencies = (
				3BD99FB32908A2610019F278 /* PBXTargetDependency */,
			);
			name = SpoonacularAPITests;
			productName = SpoonacularAPITests;
			productReference = 3BD99FB12908A2610019F278 /* SpoonacularAPITests.xctest */;
			productType = "com.apple.product-type.bundle.unit-test";
		};
		3BD99FBA2908A2610019F278 /* SpoonacularAPIUITests */ = {
			isa = PBXNativeTarget;
			buildConfigurationList = 3BD99FCB2908A2610019F278 /* Build configuration list for PBXNativeTarget "SpoonacularAPIUITests" */;
			buildPhases = (
				3BD99FB72908A2610019F278 /* Sources */,
				3BD99FB82908A2610019F278 /* Frameworks */,
				3BD99FB92908A2610019F278 /* Resources */,
			);
			buildRules = (
			);
			dependencies = (
				3BD99FBD2908A2610019F278 /* PBXTargetDependency */,
			);
			name = SpoonacularAPIUITests;
			productName = SpoonacularAPIUITests;
			productReference = 3BD99FBB2908A2610019F278 /* SpoonacularAPIUITests.xctest */;
			productType = "com.apple.product-type.bundle.ui-testing";
		};
/* End PBXNativeTarget section */

/* Begin PBXProject section */
		3BD99F932908A25F0019F278 /* Project object */ = {
			isa = PBXProject;
			attributes = {
				BuildIndependentTargetsInParallel = 1;
				LastSwiftUpdateCheck = 1400;
				LastUpgradeCheck = 1400;
				TargetAttributes = {
					3BD99F9A2908A25F0019F278 = {
						CreatedOnToolsVersion = 14.0.1;
					};
					3BD99FB02908A2610019F278 = {
						CreatedOnToolsVersion = 14.0.1;
						TestTargetID = 3BD99F9A2908A25F0019F278;
					};
					3BD99FBA2908A2610019F278 = {
						CreatedOnToolsVersion = 14.0.1;
						TestTargetID = 3BD99F9A2908A25F0019F278;
					};
				};
			};
			buildConfigurationList = 3BD99F962908A25F0019F278 /* Build configuration list for PBXProject "SpoonacularAPI" */;
			compatibilityVersion = "Xcode 14.0";
			developmentRegion = en;
			hasScannedForEncodings = 0;
			knownRegions = (
				en,
				Base,
			);
			mainGroup = 3BD99F922908A25F0019F278;
			productRefGroup = 3BD99F9C2908A25F0019F278 /* Products */;
			projectDirPath = "";
			projectRoot = "";
			targets = (
				3BD99F9A2908A25F0019F278 /* SpoonacularAPI */,
				3BD99FB02908A2610019F278 /* SpoonacularAPITests */,
				3BD99FBA2908A2610019F278 /* SpoonacularAPIUITests */,
			);
		};
/* End PBXProject section */

/* Begin PBXResourcesBuildPhase section */
		3BD99F992908A25F0019F278 /* Resources */ = {
			isa = PBXResourcesBuildPhase;
			buildActionMask = 2147483647;
			files = (
				3BD99FAB2908A2610019F278 /* LaunchScreen.storyboard in Resources */,
				3BD99FA82908A2610019F278 /* Assets.xcassets in Resources */,
			);
			runOnlyForDeploymentPostprocessing = 0;
		};
		3BD99FAF2908A2610019F278 /* Resources */ = {
			isa = PBXResourcesBuildPhase;
			buildActionMask = 2147483647;
			files = (
			);
			runOnlyForDeploymentPostprocessing = 0;
		};
		3BD99FB92908A2610019F278 /* Resources */ = {
			isa = PBXResourcesBuildPhase;
			buildActionMask = 2147483647;
			files = (
			);
			runOnlyForDeploymentPostprocessing = 0;
		};
/* End PBXResourcesBuildPhase section */

/* Begin PBXSourcesBuildPhase section */
		3BD99F972908A25F0019F278 /* Sources */ = {
			isa = PBXSourcesBuildPhase;
			buildActionMask = 2147483647;
			files = (
				3BD99FE3290923EC0019F278 /* DetailsViewController.swift in Sources */,
				3BD99FD82908B6D40019F278 /* RecipeCell.swift in Sources */,
				3BD99FDF2908E4880019F278 /* NetworkError.swift in Sources */,
				3BD99FD62908B0AC0019F278 /* SearchRecipeViewController.swift in Sources */,
				3BCFFA0D2909DE80000D87FC /* FavoriteViewController.swift in Sources */,
				3BD99FD42908A8550019F278 /* Factories.swift in Sources */,
				3BD99FDC2908DF1F0019F278 /* ResipeModel.swift in Sources */,
				3BD99FA32908A25F0019F278 /* HomeViewController.swift in Sources */,
				3BD99FE12908E5380019F278 /* RecipeManager.swift in Sources */,
				3BD99F9F2908A25F0019F278 /* AppDelegate.swift in Sources */,
			);
			runOnlyForDeploymentPostprocessing = 0;
		};
		3BD99FAD2908A2610019F278 /* Sources */ = {
			isa = PBXSourcesBuildPhase;
			buildActionMask = 2147483647;
			files = (
				3BD99FB62908A2610019F278 /* SpoonacularAPITests.swift in Sources */,
			);
			runOnlyForDeploymentPostprocessing = 0;
		};
		3BD99FB72908A2610019F278 /* Sources */ = {
			isa = PBXSourcesBuildPhase;
			buildActionMask = 2147483647;
			files = (
				3BD99FC02908A2610019F278 /* SpoonacularAPIUITests.swift in Sources */,
				3BD99FC22908A2610019F278 /* SpoonacularAPIUITestsLaunchTests.swift in Sources */,
			);
			runOnlyForDeploymentPostprocessing = 0;
		};
/* End PBXSourcesBuildPhase section */

/* Begin PBXTargetDependency section */
		3BD99FB32908A2610019F278 /* PBXTargetDependency */ = {
			isa = PBXTargetDependency;
			target = 3BD99F9A2908A25F0019F278 /* SpoonacularAPI */;
			targetProxy = 3BD99FB22908A2610019F278 /* PBXContainerItemProxy */;
		};
		3BD99FBD2908A2610019F278 /* PBXTargetDependency */ = {
			isa = PBXTargetDependency;
			target = 3BD99F9A2908A25F0019F278 /* SpoonacularAPI */;
			targetProxy = 3BD99FBC2908A2610019F278 /* PBXContainerItemProxy */;
		};
/* End PBXTargetDependency section */

/* Begin PBXVariantGroup section */
		3BD99FA92908A2610019F278 /* LaunchScreen.storyboard */ = {
			isa = PBXVariantGroup;
			children = (
				3BD99FAA2908A2610019F278 /* Base */,
			);
			name = LaunchScreen.storyboard;
			sourceTree = "<group>";
		};
/* End PBXVariantGroup section */

/* Begin XCBuildConfiguration section */
		3BD99FC32908A2610019F278 /* Debug */ = {
			isa = XCBuildConfiguration;
			buildSettings = {
				ALWAYS_SEARCH_USER_PATHS = NO;
				CLANG_ANALYZER_NONNULL = YES;
				CLANG_ANALYZER_NUMBER_OBJECT_CONVERSION = YES_AGGRESSIVE;
				CLANG_CXX_LANGUAGE_STANDARD = "gnu++20";
				CLANG_ENABLE_MODULES = YES;
				CLANG_ENABLE_OBJC_ARC = YES;
				CLANG_ENABLE_OBJC_WEAK = YES;
				CLANG_WARN_BLOCK_CAPTURE_AUTORELEASING = YES;
				CLANG_WARN_BOOL_CONVERSION = YES;
				CLANG_WARN_COMMA = YES;
				CLANG_WARN_CONSTANT_CONVERSION = YES;
				CLANG_WARN_DEPRECATED_OBJC_IMPLEMENTATIONS = YES;
				CLANG_WARN_DIRECT_OBJC_ISA_USAGE = YES_ERROR;
				CLANG_WARN_DOCUMENTATION_COMMENTS = YES;
				CLANG_WARN_EMPTY_BODY = YES;
				CLANG_WARN_ENUM_CONVERSION = YES;
				CLANG_WARN_INFINITE_RECURSION = YES;
				CLANG_WARN_INT_CONVERSION = YES;
				CLANG_WARN_NON_LITERAL_NULL_CONVERSION = YES;
				CLANG_WARN_OBJC_IMPLICIT_RETAIN_SELF = YES;
				CLANG_WARN_OBJC_LITERAL_CONVERSION = YES;
				CLANG_WARN_OBJC_ROOT_CLASS = YES_ERROR;
				CLANG_WARN_QUOTED_INCLUDE_IN_FRAMEWORK_HEADER = YES;
				CLANG_WARN_RANGE_LOOP_ANALYSIS = YES;
				CLANG_WARN_STRICT_PROTOTYPES = YES;
				CLANG_WARN_SUSPICIOUS_MOVE = YES;
				CLANG_WARN_UNGUARDED_AVAILABILITY = YES_AGGRESSIVE;
				CLANG_WARN_UNREACHABLE_CODE = YES;
				CLANG_WARN__DUPLICATE_METHOD_MATCH = YES;
				COPY_PHASE_STRIP = NO;
				DEBUG_INFORMATION_FORMAT = dwarf;
				ENABLE_STRICT_OBJC_MSGSEND = YES;
				ENABLE_TESTABILITY = YES;
				GCC_C_LANGUAGE_STANDARD = gnu11;
				GCC_DYNAMIC_NO_PIC = NO;
				GCC_NO_COMMON_BLOCKS = YES;
				GCC_OPTIMIZATION_LEVEL = 0;
				GCC_PREPROCESSOR_DEFINITIONS = (
					"DEBUG=1",
					"$(inherited)",
				);
				GCC_WARN_64_TO_32_BIT_CONVERSION = YES;
				GCC_WARN_ABOUT_RETURN_TYPE = YES_ERROR;
				GCC_WARN_UNDECLARED_SELECTOR = YES;
				GCC_WARN_UNINITIALIZED_AUTOS = YES_AGGRESSIVE;
				GCC_WARN_UNUSED_FUNCTION = YES;
				GCC_WARN_UNUSED_VARIABLE = YES;
				IPHONEOS_DEPLOYMENT_TARGET = 16.0;
				MTL_ENABLE_DEBUG_INFO = INCLUDE_SOURCE;
				MTL_FAST_MATH = YES;
				ONLY_ACTIVE_ARCH = YES;
				SDKROOT = iphoneos;
				SWIFT_ACTIVE_COMPILATION_CONDITIONS = DEBUG;
				SWIFT_OPTIMIZATION_LEVEL = "-Onone";
			};
			name = Debug;
		};
		3BD99FC42908A2610019F278 /* Release */ = {
			isa = XCBuildConfiguration;
			buildSettings = {
				ALWAYS_SEARCH_USER_PATHS = NO;
				CLANG_ANALYZER_NONNULL = YES;
				CLANG_ANALYZER_NUMBER_OBJECT_CONVERSION = YES_AGGRESSIVE;
				CLANG_CXX_LANGUAGE_STANDARD = "gnu++20";
				CLANG_ENABLE_MODULES = YES;
				CLANG_ENABLE_OBJC_ARC = YES;
				CLANG_ENABLE_OBJC_WEAK = YES;
				CLANG_WARN_BLOCK_CAPTURE_AUTORELEASING = YES;
				CLANG_WARN_BOOL_CONVERSION = YES;
				CLANG_WARN_COMMA = YES;
				CLANG_WARN_CONSTANT_CONVERSION = YES;
				CLANG_WARN_DEPRECATED_OBJC_IMPLEMENTATIONS = YES;
				CLANG_WARN_DIRECT_OBJC_ISA_USAGE = YES_ERROR;
				CLANG_WARN_DOCUMENTATION_COMMENTS = YES;
				CLANG_WARN_EMPTY_BODY = YES;
				CLANG_WARN_ENUM_CONVERSION = YES;
				CLANG_WARN_INFINITE_RECURSION = YES;
				CLANG_WARN_INT_CONVERSION = YES;
				CLANG_WARN_NON_LITERAL_NULL_CONVERSION = YES;
				CLANG_WARN_OBJC_IMPLICIT_RETAIN_SELF = YES;
				CLANG_WARN_OBJC_LITERAL_CONVERSION = YES;
				CLANG_WARN_OBJC_ROOT_CLASS = YES_ERROR;
				CLANG_WARN_QUOTED_INCLUDE_IN_FRAMEWORK_HEADER = YES;
				CLANG_WARN_RANGE_LOOP_ANALYSIS = YES;
				CLANG_WARN_STRICT_PROTOTYPES = YES;
				CLANG_WARN_SUSPICIOUS_MOVE = YES;
				CLANG_WARN_UNGUARDED_AVAILABILITY = YES_AGGRESSIVE;
				CLANG_WARN_UNREACHABLE_CODE = YES;
				CLANG_WARN__DUPLICATE_METHOD_MATCH = YES;
				COPY_PHASE_STRIP = NO;
				DEBUG_INFORMATION_FORMAT = "dwarf-with-dsym";
				ENABLE_NS_ASSERTIONS = NO;
				ENABLE_STRICT_OBJC_MSGSEND = YES;
				GCC_C_LANGUAGE_STANDARD = gnu11;
				GCC_NO_COMMON_BLOCKS = YES;
				GCC_WARN_64_TO_32_BIT_CONVERSION = YES;
				GCC_WARN_ABOUT_RETURN_TYPE = YES_ERROR;
				GCC_WARN_UNDECLARED_SELECTOR = YES;
				GCC_WARN_UNINITIALIZED_AUTOS = YES_AGGRESSIVE;
				GCC_WARN_UNUSED_FUNCTION = YES;
				GCC_WARN_UNUSED_VARIABLE = YES;
				IPHONEOS_DEPLOYMENT_TARGET = 16.0;
				MTL_ENABLE_DEBUG_INFO = NO;
				MTL_FAST_MATH = YES;
				SDKROOT = iphoneos;
				SWIFT_COMPILATION_MODE = wholemodule;
				SWIFT_OPTIMIZATION_LEVEL = "-O";
				VALIDATE_PRODUCT = YES;
			};
			name = Release;
		};
		3BD99FC62908A2610019F278 /* Debug */ = {
			isa = XCBuildConfiguration;
			buildSettings = {
				ASSETCATALOG_COMPILER_APPICON_NAME = AppIcon;
				ASSETCATALOG_COMPILER_GLOBAL_ACCENT_COLOR_NAME = AccentColor;
				CODE_SIGN_STYLE = Automatic;
				CURRENT_PROJECT_VERSION = 1;
				DEVELOPMENT_TEAM = G3VP62JDQQ;
				GENERATE_INFOPLIST_FILE = YES;
				INFOPLIST_FILE = SpoonacularAPI/Info.plist;
				INFOPLIST_KEY_UIApplicationSupportsIndirectInputEvents = YES;
				INFOPLIST_KEY_UILaunchStoryboardName = LaunchScreen;
				INFOPLIST_KEY_UISupportedInterfaceOrientations = UIInterfaceOrientationPortrait;
				INFOPLIST_KEY_UIUserInterfaceStyle = Light;
				LD_RUNPATH_SEARCH_PATHS = (
					"$(inherited)",
					"@executable_path/Frameworks",
				);
				MARKETING_VERSION = 1.0;
				PRODUCT_BUNDLE_IDENTIFIER = dmitriikim.SpoonacularAPI;
				PRODUCT_NAME = "$(TARGET_NAME)";
				SUPPORTED_PLATFORMS = "iphoneos iphonesimulator";
				SUPPORTS_MACCATALYST = NO;
				SUPPORTS_MAC_DESIGNED_FOR_IPHONE_IPAD = NO;
				SWIFT_EMIT_LOC_STRINGS = YES;
				SWIFT_VERSION = 5.0;
				TARGETED_DEVICE_FAMILY = 1;
			};
			name = Debug;
		};
		3BD99FC72908A2610019F278 /* Release */ = {
			isa = XCBuildConfiguration;
			buildSettings = {
				ASSETCATALOG_COMPILER_APPICON_NAME = AppIcon;
				ASSETCATALOG_COMPILER_GLOBAL_ACCENT_COLOR_NAME = AccentColor;
				CODE_SIGN_STYLE = Automatic;
				CURRENT_PROJECT_VERSION = 1;
				DEVELOPMENT_TEAM = G3VP62JDQQ;
				GENERATE_INFOPLIST_FILE = YES;
				INFOPLIST_FILE = SpoonacularAPI/Info.plist;
				INFOPLIST_KEY_UIApplicationSupportsIndirectInputEvents = YES;
				INFOPLIST_KEY_UILaunchStoryboardName = LaunchScreen;
				INFOPLIST_KEY_UISupportedInterfaceOrientations = UIInterfaceOrientationPortrait;
				INFOPLIST_KEY_UIUserInterfaceStyle = Light;
				LD_RUNPATH_SEARCH_PATHS = (
					"$(inherited)",
					"@executable_path/Frameworks",
				);
				MARKETING_VERSION = 1.0;
				PRODUCT_BUNDLE_IDENTIFIER = dmitriikim.SpoonacularAPI;
				PRODUCT_NAME = "$(TARGET_NAME)";
				SUPPORTED_PLATFORMS = "iphoneos iphonesimulator";
				SUPPORTS_MACCATALYST = NO;
				SUPPORTS_MAC_DESIGNED_FOR_IPHONE_IPAD = NO;
				SWIFT_EMIT_LOC_STRINGS = YES;
				SWIFT_VERSION = 5.0;
				TARGETED_DEVICE_FAMILY = 1;
			};
			name = Release;
		};
		3BD99FC92908A2610019F278 /* Debug */ = {
			isa = XCBuildConfiguration;
			buildSettings = {
				ALWAYS_EMBED_SWIFT_STANDARD_LIBRARIES = YES;
				BUNDLE_LOADER = "$(TEST_HOST)";
				CODE_SIGN_STYLE = Automatic;
				CURRENT_PROJECT_VERSION = 1;
				DEVELOPMENT_TEAM = G3VP62JDQQ;
				GENERATE_INFOPLIST_FILE = YES;
				IPHONEOS_DEPLOYMENT_TARGET = 16.0;
				MARKETING_VERSION = 1.0;
				PRODUCT_BUNDLE_IDENTIFIER = dmitriikim.SpoonacularAPITests;
				PRODUCT_NAME = "$(TARGET_NAME)";
				SWIFT_EMIT_LOC_STRINGS = NO;
				SWIFT_VERSION = 5.0;
				TARGETED_DEVICE_FAMILY = "1,2";
				TEST_HOST = "$(BUILT_PRODUCTS_DIR)/SpoonacularAPI.app/$(BUNDLE_EXECUTABLE_FOLDER_PATH)/SpoonacularAPI";
			};
			name = Debug;
		};
		3BD99FCA2908A2610019F278 /* Release */ = {
			isa = XCBuildConfiguration;
			buildSettings = {
				ALWAYS_EMBED_SWIFT_STANDARD_LIBRARIES = YES;
				BUNDLE_LOADER = "$(TEST_HOST)";
				CODE_SIGN_STYLE = Automatic;
				CURRENT_PROJECT_VERSION = 1;
				DEVELOPMENT_TEAM = G3VP62JDQQ;
				GENERATE_INFOPLIST_FILE = YES;
				IPHONEOS_DEPLOYMENT_TARGET = 16.0;
				MARKETING_VERSION = 1.0;
				PRODUCT_BUNDLE_IDENTIFIER = dmitriikim.SpoonacularAPITests;
				PRODUCT_NAME = "$(TARGET_NAME)";
				SWIFT_EMIT_LOC_STRINGS = NO;
				SWIFT_VERSION = 5.0;
				TARGETED_DEVICE_FAMILY = "1,2";
				TEST_HOST = "$(BUILT_PRODUCTS_DIR)/SpoonacularAPI.app/$(BUNDLE_EXECUTABLE_FOLDER_PATH)/SpoonacularAPI";
			};
			name = Release;
		};
		3BD99FCC2908A2610019F278 /* Debug */ = {
			isa = XCBuildConfiguration;
			buildSettings = {
				ALWAYS_EMBED_SWIFT_STANDARD_LIBRARIES = YES;
				CODE_SIGN_STYLE = Automatic;
				CURRENT_PROJECT_VERSION = 1;
				DEVELOPMENT_TEAM = G3VP62JDQQ;
				GENERATE_INFOPLIST_FILE = YES;
				MARKETING_VERSION = 1.0;
				PRODUCT_BUNDLE_IDENTIFIER = dmitriikim.SpoonacularAPIUITests;
				PRODUCT_NAME = "$(TARGET_NAME)";
				SWIFT_EMIT_LOC_STRINGS = NO;
				SWIFT_VERSION = 5.0;
				TARGETED_DEVICE_FAMILY = "1,2";
				TEST_TARGET_NAME = SpoonacularAPI;
			};
			name = Debug;
		};
		3BD99FCD2908A2610019F278 /* Release */ = {
			isa = XCBuildConfiguration;
			buildSettings = {
				ALWAYS_EMBED_SWIFT_STANDARD_LIBRARIES = YES;
				CODE_SIGN_STYLE = Automatic;
				CURRENT_PROJECT_VERSION = 1;
				DEVELOPMENT_TEAM = G3VP62JDQQ;
				GENERATE_INFOPLIST_FILE = YES;
				MARKETING_VERSION = 1.0;
				PRODUCT_BUNDLE_IDENTIFIER = dmitriikim.SpoonacularAPIUITests;
				PRODUCT_NAME = "$(TARGET_NAME)";
				SWIFT_EMIT_LOC_STRINGS = NO;
				SWIFT_VERSION = 5.0;
				TARGETED_DEVICE_FAMILY = "1,2";
				TEST_TARGET_NAME = SpoonacularAPI;
			};
			name = Release;
		};
/* End XCBuildConfiguration section */

/* Begin XCConfigurationList section */
		3BD99F962908A25F0019F278 /* Build configuration list for PBXProject "SpoonacularAPI" */ = {
			isa = XCConfigurationList;
			buildConfigurations = (
				3BD99FC32908A2610019F278 /* Debug */,
				3BD99FC42908A2610019F278 /* Release */,
			);
			defaultConfigurationIsVisible = 0;
			defaultConfigurationName = Release;
		};
		3BD99FC52908A2610019F278 /* Build configuration list for PBXNativeTarget "SpoonacularAPI" */ = {
			isa = XCConfigurationList;
			buildConfigurations = (
				3BD99FC62908A2610019F278 /* Debug */,
				3BD99FC72908A2610019F278 /* Release */,
			);
			defaultConfigurationIsVisible = 0;
			defaultConfigurationName = Release;
		};
		3BD99FC82908A2610019F278 /* Build configuration list for PBXNativeTarget "SpoonacularAPITests" */ = {
			isa = XCConfigurationList;
			buildConfigurations = (
				3BD99FC92908A2610019F278 /* Debug */,
				3BD99FCA2908A2610019F278 /* Release */,
			);
			defaultConfigurationIsVisible = 0;
			defaultConfigurationName = Release;
		};
		3BD99FCB2908A2610019F278 /* Build configuration list for PBXNativeTarget "SpoonacularAPIUITests" */ = {
			isa = XCConfigurationList;
			buildConfigurations = (
				3BD99FCC2908A2610019F278 /* Debug */,
				3BD99FCD2908A2610019F278 /* Release */,
			);
			defaultConfigurationIsVisible = 0;
			defaultConfigurationName = Release;
		};
/* End XCConfigurationList section */
	};
	rootObject = 3BD99F932908A25F0019F278 /* Project object */;
}
